
Microsoft Visual Studio Solution File, Format Version 10.00
# Visual Studio 2008
Project("{F184B08F-C81C-45F6-A57F-5ABD9991F28F}") = "BusinessEntities", "BE\BusinessEntities\BusinessEntities.vbproj", "{88F70FBE-EAFC-4A16-A57E-3990053C7848}"
EndProject
Project("{F184B08F-C81C-45F6-A57F-5ABD9991F28F}") = "BusinessLayer", "BL\BusinessLayer\BusinessLayer.vbproj", "{96CBF9FB-4D2C-4E35-927D-1EF5630B0273}"
EndProject
Project("{F184B08F-C81C-45F6-A57F-5ABD9991F28F}") = "DataAccessLayer", "DAL\DataAccessLayer\DataAccessLayer.vbproj", "{F6C25DAB-6DFC-4337-87BD-0981D480224D}"
EndProject
Project("{F184B08F-C81C-45F6-A57F-5ABD9991F28F}") = "UserInterface", "UI\UserInterface\UserInterface.vbproj", "{452B29BE-D3B8-4865-96CC-AE927247008A}"
EndProject
Global
	GlobalSection(SolutionConfigurationPlatforms) = preSolution
		Debug|Any CPU = Debug|Any CPU
		Release|Any CPU = Release|Any CPU
	EndGlobalSection
	GlobalSection(ProjectConfigurationPlatforms) = postSolution
		{88F70FBE-EAFC-4A16-A57E-3990053C7848}.Debug|Any CPU.ActiveCfg = Debug|Any CPU
		{88F70FBE-EAFC-4A16-A57E-3990053C7848}.Debug|Any CPU.Build.0 = Debug|Any CPU
		{88F70FBE-EAFC-4A16-A57E-3990053C7848}.Release|Any CPU.ActiveCfg = Release|Any CPU
		{88F70FBE-EAFC-4A16-A57E-3990053C7848}.Release|Any CPU.Build.0 = Release|Any CPU
		{96CBF9FB-4D2C-4E35-927D-1EF5630B0273}.Debug|Any CPU.ActiveCfg = Debug|Any CPU
		{96CBF9FB-4D2C-4E35-927D-1EF5630B0273}.Debug|Any CPU.Build.0 = Debug|Any CPU
		{96CBF9FB-4D2C-4E35-927D-1EF5630B0273}.Release|Any CPU.ActiveCfg = Release|Any CPU
		{96CBF9FB-4D2C-4E35-927D-1EF5630B0273}.Release|Any CPU.Build.0 = Release|Any CPU
		{F6C25DAB-6DFC-4337-87BD-0981D480224D}.Debug|Any CPU.ActiveCfg = Debug|Any CPU
		{F6C25DAB-6DFC-4337-87BD-0981D480224D}.Debug|Any CPU.Build.0 = Debug|Any CPU
		{F6C25DAB-6DFC-4337-87BD-0981D480224D}.Release|Any CPU.ActiveCfg = Release|Any CPU
		{F6C25DAB-6DFC-4337-87BD-0981D480224D}.Release|Any CPU.Build.0 = Release|Any CPU
		{452B29BE-D3B8-4865-96CC-AE927247008A}.Debug|Any CPU.ActiveCfg = Debug|Any CPU
		{452B29BE-D3B8-4865-96CC-AE927247008A}.Debug|Any CPU.Build.0 = Debug|Any CPU
		{452B29BE-D3B8-4865-96CC-AE927247008A}.Release|Any CPU.ActiveCfg = Release|Any CPU
		{452B29BE-D3B8-4865-96CC-AE927247008A}.Release|Any CPU.Build.0 = Release|Any CPU
	EndGlobalSection
	GlobalSection(SolutionProperties) = preSolution
		HideSolutionNode = FALSE
	EndGlobalSection
EndGlobal
